
Microsoft Visual Studio Solution File, Format Version 12.00
# Visual Studio Version 17
VisualStudioVersion = 17.9.34728.123
MinimumVisualStudioVersion = 10.0.40219.1
Project("{FAE04EC0-301F-11D3-BF4B-00C04F79EFBC}") = "TicketPriceCalculator", "TicketPriceCalculator.csproj", "{1DF86AF4-D454-4AE6-9F09-440C117BCD88}"
EndProject
Global
	GlobalSection(SolutionConfigurationPlatforms) = preSolution
		Debug|Any CPU = Debug|Any CPU
		Release|Any CPU = Release|Any CPU
	EndGlobalSection
	GlobalSection(ProjectConfigurationPlatforms) = postSolution
		{1DF86AF4-D454-4AE6-9F09-440C117BCD88}.Debug|Any CPU.ActiveCfg = Debug|Any CPU
		{1DF86AF4-D454-4AE6-9F09-440C117BCD88}.Debug|Any CPU.Build.0 = Debug|Any CPU
		{1DF86AF4-D454-4AE6-9F09-440C117BCD88}.Release|Any CPU.ActiveCfg = Release|Any CPU
		{1DF86AF4-D454-4AE6-9F09-440C117BCD88}.Release|Any CPU.Build.0 = Release|Any CPU
	EndGlobalSection
	GlobalSection(SolutionProperties) = preSolution
		HideSolutionNode = FALSE
	EndGlobalSection
	GlobalSection(ExtensibilityGlobals) = postSolution
		SolutionGuid = {A7F535D0-45B8-4CEA-A44F-5849319E471E}
	EndGlobalSection
EndGlobal
